// !$*UTF8*$!
{
	archiveVersion = 1;
	classes = {
	};
	objectVersion = 46;
	objects = {

/* Begin PBXBuildFile section */
		DD76985919F62DA200F7C8A5 /* Main.storyboard in Resources */ = {isa = PBXBuildFile; fileRef = DD76985219F62DA100F7C8A5 /* Main.storyboard */; };
		DD76985A19F62DA200F7C8A5 /* Images.xcassets in Resources */ = {isa = PBXBuildFile; fileRef = DD76985419F62DA100F7C8A5 /* Images.xcassets */; };
		DD76985C19F62DA200F7C8A5 /* AppDelegate.swift in Sources */ = {isa = PBXBuildFile; fileRef = DD76985719F62DA200F7C8A5 /* AppDelegate.swift */; };
		DD76985D19F62DA200F7C8A5 /* ViewController.swift in Sources */ = {isa = PBXBuildFile; fileRef = DD76985819F62DA200F7C8A5 /* ViewController.swift */; };
		DD76985F19F62E4000F7C8A5 /* data.db in Resources */ = {isa = PBXBuildFile; fileRef = DD76985E19F62E4000F7C8A5 /* data.db */; };
		DD76986419F62E9500F7C8A5 /* SQLiteDB.swift in Sources */ = {isa = PBXBuildFile; fileRef = DD76986219F62E9500F7C8A5 /* SQLiteDB.swift */; };
		DD76986519F62E9500F7C8A5 /* String-Extras.swift in Sources */ = {isa = PBXBuildFile; fileRef = DD76986319F62E9500F7C8A5 /* String-Extras.swift */; };
		DD76986719F62EFD00F7C8A5 /* libsqlite3.dylib in Frameworks */ = {isa = PBXBuildFile; fileRef = DD76986619F62EFD00F7C8A5 /* libsqlite3.dylib */; };
/* End PBXBuildFile section */

/* Begin PBXFileReference section */
		DD76982F19F62D3000F7C8A5 /* SQLiteDB-OSX.app */ = {isa = PBXFileReference; explicitFileType = wrapper.application; includeInIndex = 0; path = "SQLiteDB-OSX.app"; sourceTree = BUILT_PRODUCTS_DIR; };
		DD76985319F62DA100F7C8A5 /* Base */ = {isa = PBXFileReference; lastKnownFileType = file.storyboard; name = Base; path = Base.lproj/Main.storyboard; sourceTree = "<group>"; };
		DD76985419F62DA100F7C8A5 /* Images.xcassets */ = {isa = PBXFileReference; lastKnownFileType = folder.assetcatalog; path = Images.xcassets; sourceTree = "<group>"; };
		DD76985519F62DA100F7C8A5 /* Info.plist */ = {isa = PBXFileReference; fileEncoding = 4; lastKnownFileType = text.plist.xml; path = Info.plist; sourceTree = "<group>"; };
		DD76985719F62DA200F7C8A5 /* AppDelegate.swift */ = {isa = PBXFileReference; fileEncoding = 4; lastKnownFileType = sourcecode.swift; path = AppDelegate.swift; sourceTree = "<group>"; };
		DD76985819F62DA200F7C8A5 /* ViewController.swift */ = {isa = PBXFileReference; fileEncoding = 4; lastKnownFileType = sourcecode.swift; path = ViewController.swift; sourceTree = "<group>"; };
		DD76985E19F62E4000F7C8A5 /* data.db */ = {isa = PBXFileReference; lastKnownFileType = file; path = data.db; sourceTree = "<group>"; };
		DD76986219F62E9500F7C8A5 /* SQLiteDB.swift */ = {isa = PBXFileReference; fileEncoding = 4; lastKnownFileType = sourcecode.swift; name = SQLiteDB.swift; path = ../../SQLiteDB.swift; sourceTree = "<group>"; };
		DD76986319F62E9500F7C8A5 /* String-Extras.swift */ = {isa = PBXFileReference; fileEncoding = 4; lastKnownFileType = sourcecode.swift; name = "String-Extras.swift"; path = "../../String-Extras.swift"; sourceTree = "<group>"; };
		DD76986619F62EFD00F7C8A5 /* libsqlite3.dylib */ = {isa = PBXFileReference; lastKnownFileType = "compiled.mach-o.dylib"; name = libsqlite3.dylib; path = usr/lib/libsqlite3.dylib; sourceTree = SDKROOT; };
		DD76986819F62F3E00F7C8A5 /* Bridging-Header.h */ = {isa = PBXFileReference; fileEncoding = 4; lastKnownFileType = sourcecode.c.h; path = "Bridging-Header.h"; sourceTree = "<group>"; };
/* End PBXFileReference section */

/* Begin PBXFrameworksBuildPhase section */
		DD76982C19F62D3000F7C8A5 /* Frameworks */ = {
			isa = PBXFrameworksBuildPhase;
			buildActionMask = 2147483647;
			files = (
				DD76986719F62EFD00F7C8A5 /* libsqlite3.dylib in Frameworks */,
			);
			runOnlyForDeploymentPostprocessing = 0;
		};
/* End PBXFrameworksBuildPhase section */

/* Begin PBXGroup section */
		DD76982619F62D3000F7C8A5 = {
			isa = PBXGroup;
			children = (
				DD76986619F62EFD00F7C8A5 /* libsqlite3.dylib */,
				DD76985619F62DA100F7C8A5 /* Source */,
				DD76985119F62DA100F7C8A5 /* Resources */,
				DD76986019F62E5F00F7C8A5 /* Third-party */,
				DD76983019F62D3000F7C8A5 /* Products */,
			);
			sourceTree = "<group>";
		};
		DD76983019F62D3000F7C8A5 /* Products */ = {
			isa = PBXGroup;
			children = (
				DD76982F19F62D3000F7C8A5 /* SQLiteDB-OSX.app */,
			);
			name = Products;
			sourceTree = "<group>";
		};
		DD76985119F62DA100F7C8A5 /* Resources */ = {
			isa = PBXGroup;
			children = (
				DD76985E19F62E4000F7C8A5 /* data.db */,
				DD76985419F62DA100F7C8A5 /* Images.xcassets */,
				DD76985519F62DA100F7C8A5 /* Info.plist */,
				DD76985219F62DA100F7C8A5 /* Main.storyboard */,
			);
			path = Resources;
			sourceTree = "<group>";
		};
		DD76985619F62DA100F7C8A5 /* Source */ = {
			isa = PBXGroup;
			children = (
				DD76986819F62F3E00F7C8A5 /* Bridging-Header.h */,
				DD76985719F62DA200F7C8A5 /* AppDelegate.swift */,
				DD76985819F62DA200F7C8A5 /* ViewController.swift */,
			);
			path = Source;
			sourceTree = "<group>";
		};
		DD76986019F62E5F00F7C8A5 /* Third-party */ = {
			isa = PBXGroup;
			children = (
				DD76986119F62E6700F7C8A5 /* SQLiteDB */,
			);
			name = "Third-party";
			sourceTree = "<group>";
		};
		DD76986119F62E6700F7C8A5 /* SQLiteDB */ = {
			isa = PBXGroup;
			children = (
				DD76986219F62E9500F7C8A5 /* SQLiteDB.swift */,
				DD76986319F62E9500F7C8A5 /* String-Extras.swift */,
			);
			name = SQLiteDB;
			sourceTree = "<group>";
		};
/* End PBXGroup section */

/* Begin PBXNativeTarget section */
		DD76982E19F62D3000F7C8A5 /* SQLiteDB-OSX */ = {
			isa = PBXNativeTarget;
			buildConfigurationList = DD76984B19F62D3000F7C8A5 /* Build configuration list for PBXNativeTarget "SQLiteDB-OSX" */;
			buildPhases = (
				DD76982B19F62D3000F7C8A5 /* Sources */,
				DD76982C19F62D3000F7C8A5 /* Frameworks */,
				DD76982D19F62D3000F7C8A5 /* Resources */,
			);
			buildRules = (
			);
			dependencies = (
			);
			name = "SQLiteDB-OSX";
			productName = "SQLiteDB-OSX";
			productReference = DD76982F19F62D3000F7C8A5 /* SQLiteDB-OSX.app */;
			productType = "com.apple.product-type.application";
		};
/* End PBXNativeTarget section */

/* Begin PBXProject section */
		DD76982719F62D3000F7C8A5 /* Project object */ = {
			isa = PBXProject;
			attributes = {
				LastSwiftMigration = 0710;
				LastSwiftUpdateCheck = 0710;
				LastUpgradeCheck = 0710;
				ORGANIZATIONNAME = "RookSoft Ltd.";
				TargetAttributes = {
					DD76982E19F62D3000F7C8A5 = {
						CreatedOnToolsVersion = 6.1;
					};
				};
			};
			buildConfigurationList = DD76982A19F62D3000F7C8A5 /* Build configuration list for PBXProject "SQLiteDB-OSX" */;
			compatibilityVersion = "Xcode 3.2";
			developmentRegion = English;
			hasScannedForEncodings = 0;
			knownRegions = (
				en,
				Base,
			);
			mainGroup = DD76982619F62D3000F7C8A5;
			productRefGroup = DD76983019F62D3000F7C8A5 /* Products */;
			projectDirPath = "";
			projectRoot = "";
			targets = (
				DD76982E19F62D3000F7C8A5 /* SQLiteDB-OSX */,
			);
		};
/* End PBXProject section */

/* Begin PBXResourcesBuildPhase section */
		DD76982D19F62D3000F7C8A5 /* Resources */ = {
			isa = PBXResourcesBuildPhase;
			buildActionMask = 2147483647;
			files = (
				DD76985919F62DA200F7C8A5 /* Main.storyboard in Resources */,
				DD76985F19F62E4000F7C8A5 /* data.db in Resources */,
				DD76985A19F62DA200F7C8A5 /* Images.xcassets in Resources */,
			);
			runOnlyForDeploymentPostprocessing = 0;
		};
/* End PBXResourcesBuildPhase section */

/* Begin PBXSourcesBuildPhase section */
		DD76982B19F62D3000F7C8A5 /* Sources */ = {
			isa = PBXSourcesBuildPhase;
			buildActionMask = 2147483647;
			files = (
				DD76986419F62E9500F7C8A5 /* SQLiteDB.swift in Sources */,
				DD76986519F62E9500F7C8A5 /* String-Extras.swift in Sources */,
				DD76985D19F62DA200F7C8A5 /* ViewController.swift in Sources */,
				DD76985C19F62DA200F7C8A5 /* AppDelegate.swift in Sources */,
			);
			runOnlyForDeploymentPostprocessing = 0;
		};
/* End PBXSourcesBuildPhase section */

/* Begin PBXVariantGroup section */
		DD76985219F62DA100F7C8A5 /* Main.storyboard */ = {
			isa = PBXVariantGroup;
			children = (
				DD76985319F62DA100F7C8A5 /* Base */,
			);
			name = Main.storyboard;
			sourceTree = "<group>";
		};
/* End PBXVariantGroup section */

/* Begin XCBuildConfiguration section */
		DD76984919F62D3000F7C8A5 /* Debug */ = {
			isa = XCBuildConfiguration;
			buildSettings = {
				ALWAYS_SEARCH_USER_PATHS = NO;
				CLANG_CXX_LANGUAGE_STANDARD = "gnu++0x";
				CLANG_CXX_LIBRARY = "libc++";
				CLANG_ENABLE_MODULES = YES;
				CLANG_ENABLE_OBJC_ARC = YES;
				CLANG_WARN_BOOL_CONVERSION = YES;
				CLANG_WARN_CONSTANT_CONVERSION = YES;
				CLANG_WARN_DIRECT_OBJC_ISA_USAGE = YES_ERROR;
				CLANG_WARN_EMPTY_BODY = YES;
				CLANG_WARN_ENUM_CONVERSION = YES;
				CLANG_WARN_INT_CONVERSION = YES;
				CLANG_WARN_OBJC_ROOT_CLASS = YES_ERROR;
				CLANG_WARN_UNREACHABLE_CODE = YES;
				CLANG_WARN__DUPLICATE_METHOD_MATCH = YES;
				CODE_SIGN_IDENTITY = "-";
				COPY_PHASE_STRIP = NO;
				ENABLE_STRICT_OBJC_MSGSEND = YES;
				ENABLE_TESTABILITY = YES;
				GCC_C_LANGUAGE_STANDARD = gnu99;
				GCC_DYNAMIC_NO_PIC = NO;
				GCC_OPTIMIZATION_LEVEL = 0;
				GCC_PREPROCESSOR_DEFINITIONS = (
					"DEBUG=1",
					"$(inherited)",
				);
				GCC_SYMBOLS_PRIVATE_EXTERN = NO;
				GCC_WARN_64_TO_32_BIT_CONVERSION = YES;
				GCC_WARN_ABOUT_RETURN_TYPE = YES_ERROR;
				GCC_WARN_UNDECLARED_SELECTOR = YES;
				GCC_WARN_UNINITIALIZED_AUTOS = YES_AGGRESSIVE;
				GCC_WARN_UNUSED_FUNCTION = YES;
				GCC_WARN_UNUSED_VARIABLE = YES;
				MACOSX_DEPLOYMENT_TARGET = 10.10;
				MTL_ENABLE_DEBUG_INFO = YES;
				ONLY_ACTIVE_ARCH = YES;
				SDKROOT = macosx;
				SWIFT_OPTIMIZATION_LEVEL = "-Onone";
			};
			name = Debug;
		};
		DD76984A19F62D3000F7C8A5 /* Release */ = {
			isa = XCBuildConfiguration;
			buildSettings = {
				ALWAYS_SEARCH_USER_PATHS = NO;
				CLANG_CXX_LANGUAGE_STANDARD = "gnu++0x";
				CLANG_CXX_LIBRARY = "libc++";
				CLANG_ENABLE_MODULES = YES;
				CLANG_ENABLE_OBJC_ARC = YES;
				CLANG_WARN_BOOL_CONVERSION = YES;
				CLANG_WARN_CONSTANT_CONVERSION = YES;
				CLANG_WARN_DIRECT_OBJC_ISA_USAGE = YES_ERROR;
				CLANG_WARN_EMPTY_BODY = YES;
				CLANG_WARN_ENUM_CONVERSION = YES;
				CLANG_WARN_INT_CONVERSION = YES;
				CLANG_WARN_OBJC_ROOT_CLASS = YES_ERROR;
				CLANG_WARN_UNREACHABLE_CODE = YES;
				CLANG_WARN__DUPLICATE_METHOD_MATCH = YES;
				CODE_SIGN_IDENTITY = "-";
				COPY_PHASE_STRIP = YES;
				DEBUG_INFORMATION_FORMAT = "dwarf-with-dsym";
				ENABLE_NS_ASSERTIONS = NO;
				ENABLE_STRICT_OBJC_MSGSEND = YES;
				GCC_C_LANGUAGE_STANDARD = gnu99;
				GCC_WARN_64_TO_32_BIT_CONVERSION = YES;
				GCC_WARN_ABOUT_RETURN_TYPE = YES_ERROR;
				GCC_WARN_UNDECLARED_SELECTOR = YES;
				GCC_WARN_UNINITIALIZED_AUTOS = YES_AGGRESSIVE;
				GCC_WARN_UNUSED_FUNCTION = YES;
				GCC_WARN_UNUSED_VARIABLE = YES;
				MACOSX_DEPLOYMENT_TARGET = 10.10;
				MTL_ENABLE_DEBUG_INFO = NO;
				SDKROOT = macosx;
			};
			name = Release;
		};
		DD76984C19F62D3000F7C8A5 /* Debug */ = {
			isa = XCBuildConfiguration;
			buildSettings = {
				ASSETCATALOG_COMPILER_APPICON_NAME = AppIcon;
				COMBINE_HIDPI_IMAGES = YES;
				INFOPLIST_FILE = "$(SRCROOT)/Resources/Info.plist";
				LD_RUNPATH_SEARCH_PATHS = "$(inherited) @executable_path/../Frameworks";
				PRODUCT_BUNDLE_IDENTIFIER = "org.farook.$(PRODUCT_NAME:rfc1034identifier)";
				PRODUCT_NAME = "$(TARGET_NAME)";
				SWIFT_OBJC_BRIDGING_HEADER = "Source/Bridging-Header.h";
			};
			name = Debug;
		};
		DD76984D19F62D3000F7C8A5 /* Release */ = {
			isa = XCBuildConfiguration;
			buildSettings = {
				ASSETCATALOG_COMPILER_APPICON_NAME = AppIcon;
				COMBINE_HIDPI_IMAGES = YES;
				INFOPLIST_FILE = "$(SRCROOT)/Resources/Info.plist";
				LD_RUNPATH_SEARCH_PATHS = "$(inherited) @executable_path/../Frameworks";
				PRODUCT_BUNDLE_IDENTIFIER = "org.farook.$(PRODUCT_NAME:rfc1034identifier)";
				PRODUCT_NAME = "$(TARGET_NAME)";
				SWIFT_OBJC_BRIDGING_HEADER = "Source/Bridging-Header.h";
			};
			name = Release;
		};
/* End XCBuildConfiguration section */

/* Begin XCConfigurationList section */
		DD76982A19F62D3000F7C8A5 /* Build configuration list for PBXProject "SQLiteDB-OSX" */ = {
			isa = XCConfigurationList;
			buildConfigurations = (
				DD76984919F62D3000F7C8A5 /* Debug */,
				DD76984A19F62D3000F7C8A5 /* Release */,
			);
			defaultConfigurationIsVisible = 0;
			defaultConfigurationName = Release;
		};
		DD76984B19F62D3000F7C8A5 /* Build configuration list for PBXNativeTarget "SQLiteDB-OSX" */ = {
			isa = XCConfigurationList;
			buildConfigurations = (
				DD76984C19F62D3000F7C8A5 /* Debug */,
				DD76984D19F62D3000F7C8A5 /* Release */,
			);
			defaultConfigurationIsVisible = 0;
			defaultConfigurationName = Release;
		};
/* End XCConfigurationList section */
	};
	rootObject = DD76982719F62D3000F7C8A5 /* Project object */;
}
